[root]
name = "antisamples"
version = "0.1.0"
dependencies = [
 "compiletest_rs 0.2.6 (registry+https://github.com/rust-lang/crates.io-index)",
]

[[package]]
name = "compiletest_rs"
version = "0.2.6"
source = "registry+https://github.com/rust-lang/crates.io-index"
dependencies = [
 "log 0.3.7 (registry+https://github.com/rust-lang/crates.io-index)",
 "rustc-serialize 0.3.24 (registry+https://github.com/rust-lang/crates.io-index)",
]

[[package]]
name = "log"
version = "0.3.7"
source = "registry+https://github.com/rust-lang/crates.io-index"

[[package]]
name = "rustc-serialize"
version = "0.3.24"
source = "registry+https://github.com/rust-lang/crates.io-index"

[metadata]
"checksum compiletest_rs 0.2.6 (registry+https://github.com/rust-lang/crates.io-index)" = "df47edea8bf052f23ce25a15cbf0be09c96911e3be943d1e81415bfaf0e74bf8"
"checksum log 0.3.7 (registry+https://github.com/rust-lang/crates.io-index)" = "5141eca02775a762cc6cd564d8d2c50f67c0ea3a372cbf1c51592b3e029e10ad"
"checksum rustc-serialize 0.3.24 (registry+https://github.com/rust-lang/crates.io-index)" = "dcf128d1287d2ea9d80910b5f1120d0b8eede3fbf1abe91c40d39ea7d51e6fda"
